
Microsoft Visual Studio Solution File, Format Version 12.00
# Visual Studio Version 16
VisualStudioVersion = 16.0.29519.87
MinimumVisualStudioVersion = 10.0.40219.1
Project("{9A19103F-16F7-4668-BE54-9A1E7A4F7556}") = "Pattern.Compsitor", "Pattern.Compsitor\Pattern.Compsitor.csproj", "{C4C8835F-F307-42B8-9A72-6EDCFAD173E4}"
EndProject
Project("{9A19103F-16F7-4668-BE54-9A1E7A4F7556}") = "Pattern.Strategy", "Pattern.Strategy\Pattern.Strategy.csproj", "{5293EB4A-DF2F-47B5-A8CD-E1488AA49294}"
EndProject
Project("{9A19103F-16F7-4668-BE54-9A1E7A4F7556}") = "Pattern.Decorator", "Pattern.Decorator\Pattern.Decorator.csproj", "{69341031-6BA5-414A-81BB-15D0A757F05A}"
EndProject
Project("{9A19103F-16F7-4668-BE54-9A1E7A4F7556}") = "Shared", "Shared\Shared.csproj", "{64F5AD58-7E2A-44CB-9F34-B8741016BE7B}"
EndProject
Project("{9A19103F-16F7-4668-BE54-9A1E7A4F7556}") = "Pattern.Bridge", "Pattern.Bridge\Pattern.Bridge.csproj", "{56E368FD-E34E-49A1-AF5A-508D8B7CB002}"
EndProject
Project("{2150E333-8FDC-42A3-9474-1A3956D46DE8}") = "Solution Items", "Solution Items", "{6B366DD6-16CF-460D-AEC6-241EEEF281C3}"
	ProjectSection(SolutionItems) = preProject
		index.html = index.html
		README.md = README.md
	EndProjectSection
EndProject
Project("{9A19103F-16F7-4668-BE54-9A1E7A4F7556}") = "Pattern.Command", "Pattern.Command\Pattern.Command.csproj", "{CBE69418-3B48-4425-B045-B1FEEAA30DC8}"
EndProject
Project("{9A19103F-16F7-4668-BE54-9A1E7A4F7556}") = "Pattern.Iterator", "Pattern.Iterator\Pattern.Iterator.csproj", "{77CB4E62-06A2-460D-BB9C-8DAFD0E09F6C}"
EndProject
Project("{9A19103F-16F7-4668-BE54-9A1E7A4F7556}") = "Pattern.Visitor", "Pattern.Visitor\Pattern.Visitor.csproj", "{49F8BCD8-D0A0-46AE-8FD7-AC499DE6222D}"
EndProject
Project("{9A19103F-16F7-4668-BE54-9A1E7A4F7556}") = "Pattern.AbstractFactory", "Pattern.AbstractFactory\Pattern.AbstractFactory.csproj", "{48F6DCD0-FE9A-4C92-8FE3-D7C4B517FDFE}"
EndProject
Project("{9A19103F-16F7-4668-BE54-9A1E7A4F7556}") = "Pattern.Builder", "Pattern.Builder\Pattern.Builder.csproj", "{1E47152C-7BC5-4868-9C3F-7F93E3E98C9B}"
EndProject
Project("{9A19103F-16F7-4668-BE54-9A1E7A4F7556}") = "Pattern.Singleton", "Pattern.Singleton\Pattern.Singleton.csproj", "{EBFDA3FD-5DBF-4ED1-9C2C-97CDD7DCB930}"
EndProject
Project("{9A19103F-16F7-4668-BE54-9A1E7A4F7556}") = "Pattern.Prototype", "Pattern.Prototype\Pattern.Prototype.csproj", "{17F8BF2B-A9DB-4F10-8E08-23ED747CCBB6}"
EndProject
Project("{9A19103F-16F7-4668-BE54-9A1E7A4F7556}") = "Pattern.Adapter", "Pattern.Adapter\Pattern.Adapter.csproj", "{41611D9E-E730-4233-82E7-294EDFB8B0A3}"
EndProject
Project("{9A19103F-16F7-4668-BE54-9A1E7A4F7556}") = "Pattern.Facade", "Pattern.Facade\Pattern.Facade.csproj", "{A64D6166-26DA-4DE0-A3BE-880133CF9ECE}"
EndProject
Project("{9A19103F-16F7-4668-BE54-9A1E7A4F7556}") = "Pattern.Proxy", "Pattern.Proxy\Pattern.Proxy.csproj", "{94BA64F2-34A6-4629-AFC0-9CF8541ADB38}"
EndProject
Project("{9A19103F-16F7-4668-BE54-9A1E7A4F7556}") = "Pattern.Flyweight", "Pattern.Flyweight\Pattern.Flyweight.csproj", "{1B53D7F2-FF8D-4E42-9A12-9619CD13CB76}"
EndProject
Project("{FAE04EC0-301F-11D3-BF4B-00C04F79EFBC}") = "Pattern.ChainOfCommand", "Pattern.ChainOfCommand\Pattern.ChainOfCommand.csproj", "{5017EF92-3046-45EB-A590-004AAF369831}"
EndProject
Global
	GlobalSection(SolutionConfigurationPlatforms) = preSolution
		Debug|Any CPU = Debug|Any CPU
		Release|Any CPU = Release|Any CPU
	EndGlobalSection
	GlobalSection(ProjectConfigurationPlatforms) = postSolution
		{C4C8835F-F307-42B8-9A72-6EDCFAD173E4}.Debug|Any CPU.ActiveCfg = Debug|Any CPU
		{C4C8835F-F307-42B8-9A72-6EDCFAD173E4}.Debug|Any CPU.Build.0 = Debug|Any CPU
		{C4C8835F-F307-42B8-9A72-6EDCFAD173E4}.Release|Any CPU.ActiveCfg = Release|Any CPU
		{C4C8835F-F307-42B8-9A72-6EDCFAD173E4}.Release|Any CPU.Build.0 = Release|Any CPU
		{5293EB4A-DF2F-47B5-A8CD-E1488AA49294}.Debug|Any CPU.ActiveCfg = Debug|Any CPU
		{5293EB4A-DF2F-47B5-A8CD-E1488AA49294}.Debug|Any CPU.Build.0 = Debug|Any CPU
		{5293EB4A-DF2F-47B5-A8CD-E1488AA49294}.Release|Any CPU.ActiveCfg = Release|Any CPU
		{5293EB4A-DF2F-47B5-A8CD-E1488AA49294}.Release|Any CPU.Build.0 = Release|Any CPU
		{69341031-6BA5-414A-81BB-15D0A757F05A}.Debug|Any CPU.ActiveCfg = Debug|Any CPU
		{69341031-6BA5-414A-81BB-15D0A757F05A}.Debug|Any CPU.Build.0 = Debug|Any CPU
		{69341031-6BA5-414A-81BB-15D0A757F05A}.Release|Any CPU.ActiveCfg = Release|Any CPU
		{69341031-6BA5-414A-81BB-15D0A757F05A}.Release|Any CPU.Build.0 = Release|Any CPU
		{64F5AD58-7E2A-44CB-9F34-B8741016BE7B}.Debug|Any CPU.ActiveCfg = Debug|Any CPU
		{64F5AD58-7E2A-44CB-9F34-B8741016BE7B}.Debug|Any CPU.Build.0 = Debug|Any CPU
		{64F5AD58-7E2A-44CB-9F34-B8741016BE7B}.Release|Any CPU.ActiveCfg = Release|Any CPU
		{64F5AD58-7E2A-44CB-9F34-B8741016BE7B}.Release|Any CPU.Build.0 = Release|Any CPU
		{56E368FD-E34E-49A1-AF5A-508D8B7CB002}.Debug|Any CPU.ActiveCfg = Debug|Any CPU
		{56E368FD-E34E-49A1-AF5A-508D8B7CB002}.Debug|Any CPU.Build.0 = Debug|Any CPU
		{56E368FD-E34E-49A1-AF5A-508D8B7CB002}.Release|Any CPU.ActiveCfg = Release|Any CPU
		{56E368FD-E34E-49A1-AF5A-508D8B7CB002}.Release|Any CPU.Build.0 = Release|Any CPU
		{CBE69418-3B48-4425-B045-B1FEEAA30DC8}.Debug|Any CPU.ActiveCfg = Debug|Any CPU
		{CBE69418-3B48-4425-B045-B1FEEAA30DC8}.Debug|Any CPU.Build.0 = Debug|Any CPU
		{CBE69418-3B48-4425-B045-B1FEEAA30DC8}.Release|Any CPU.ActiveCfg = Release|Any CPU
		{CBE69418-3B48-4425-B045-B1FEEAA30DC8}.Release|Any CPU.Build.0 = Release|Any CPU
		{77CB4E62-06A2-460D-BB9C-8DAFD0E09F6C}.Debug|Any CPU.ActiveCfg = Debug|Any CPU
		{77CB4E62-06A2-460D-BB9C-8DAFD0E09F6C}.Debug|Any CPU.Build.0 = Debug|Any CPU
		{77CB4E62-06A2-460D-BB9C-8DAFD0E09F6C}.Release|Any CPU.ActiveCfg = Release|Any CPU
		{77CB4E62-06A2-460D-BB9C-8DAFD0E09F6C}.Release|Any CPU.Build.0 = Release|Any CPU
		{49F8BCD8-D0A0-46AE-8FD7-AC499DE6222D}.Debug|Any CPU.ActiveCfg = Debug|Any CPU
		{49F8BCD8-D0A0-46AE-8FD7-AC499DE6222D}.Debug|Any CPU.Build.0 = Debug|Any CPU
		{49F8BCD8-D0A0-46AE-8FD7-AC499DE6222D}.Release|Any CPU.ActiveCfg = Release|Any CPU
		{49F8BCD8-D0A0-46AE-8FD7-AC499DE6222D}.Release|Any CPU.Build.0 = Release|Any CPU
		{48F6DCD0-FE9A-4C92-8FE3-D7C4B517FDFE}.Debug|Any CPU.ActiveCfg = Debug|Any CPU
		{48F6DCD0-FE9A-4C92-8FE3-D7C4B517FDFE}.Debug|Any CPU.Build.0 = Debug|Any CPU
		{48F6DCD0-FE9A-4C92-8FE3-D7C4B517FDFE}.Release|Any CPU.ActiveCfg = Release|Any CPU
		{48F6DCD0-FE9A-4C92-8FE3-D7C4B517FDFE}.Release|Any CPU.Build.0 = Release|Any CPU
		{1E47152C-7BC5-4868-9C3F-7F93E3E98C9B}.Debug|Any CPU.ActiveCfg = Debug|Any CPU
		{1E47152C-7BC5-4868-9C3F-7F93E3E98C9B}.Debug|Any CPU.Build.0 = Debug|Any CPU
		{1E47152C-7BC5-4868-9C3F-7F93E3E98C9B}.Release|Any CPU.ActiveCfg = Release|Any CPU
		{1E47152C-7BC5-4868-9C3F-7F93E3E98C9B}.Release|Any CPU.Build.0 = Release|Any CPU
		{EBFDA3FD-5DBF-4ED1-9C2C-97CDD7DCB930}.Debug|Any CPU.ActiveCfg = Debug|Any CPU
		{EBFDA3FD-5DBF-4ED1-9C2C-97CDD7DCB930}.Debug|Any CPU.Build.0 = Debug|Any CPU
		{EBFDA3FD-5DBF-4ED1-9C2C-97CDD7DCB930}.Release|Any CPU.ActiveCfg = Release|Any CPU
		{EBFDA3FD-5DBF-4ED1-9C2C-97CDD7DCB930}.Release|Any CPU.Build.0 = Release|Any CPU
		{17F8BF2B-A9DB-4F10-8E08-23ED747CCBB6}.Debug|Any CPU.ActiveCfg = Debug|Any CPU
		{17F8BF2B-A9DB-4F10-8E08-23ED747CCBB6}.Debug|Any CPU.Build.0 = Debug|Any CPU
		{17F8BF2B-A9DB-4F10-8E08-23ED747CCBB6}.Release|Any CPU.ActiveCfg = Release|Any CPU
		{17F8BF2B-A9DB-4F10-8E08-23ED747CCBB6}.Release|Any CPU.Build.0 = Release|Any CPU
		{41611D9E-E730-4233-82E7-294EDFB8B0A3}.Debug|Any CPU.ActiveCfg = Debug|Any CPU
		{41611D9E-E730-4233-82E7-294EDFB8B0A3}.Debug|Any CPU.Build.0 = Debug|Any CPU
		{41611D9E-E730-4233-82E7-294EDFB8B0A3}.Release|Any CPU.ActiveCfg = Release|Any CPU
		{41611D9E-E730-4233-82E7-294EDFB8B0A3}.Release|Any CPU.Build.0 = Release|Any CPU
		{A64D6166-26DA-4DE0-A3BE-880133CF9ECE}.Debug|Any CPU.ActiveCfg = Debug|Any CPU
		{A64D6166-26DA-4DE0-A3BE-880133CF9ECE}.Debug|Any CPU.Build.0 = Debug|Any CPU
		{A64D6166-26DA-4DE0-A3BE-880133CF9ECE}.Release|Any CPU.ActiveCfg = Release|Any CPU
		{A64D6166-26DA-4DE0-A3BE-880133CF9ECE}.Release|Any CPU.Build.0 = Release|Any CPU
		{94BA64F2-34A6-4629-AFC0-9CF8541ADB38}.Debug|Any CPU.ActiveCfg = Debug|Any CPU
		{94BA64F2-34A6-4629-AFC0-9CF8541ADB38}.Debug|Any CPU.Build.0 = Debug|Any CPU
		{94BA64F2-34A6-4629-AFC0-9CF8541ADB38}.Release|Any CPU.ActiveCfg = Release|Any CPU
		{94BA64F2-34A6-4629-AFC0-9CF8541ADB38}.Release|Any CPU.Build.0 = Release|Any CPU
		{1B53D7F2-FF8D-4E42-9A12-9619CD13CB76}.Debug|Any CPU.ActiveCfg = Debug|Any CPU
		{1B53D7F2-FF8D-4E42-9A12-9619CD13CB76}.Debug|Any CPU.Build.0 = Debug|Any CPU
		{1B53D7F2-FF8D-4E42-9A12-9619CD13CB76}.Release|Any CPU.ActiveCfg = Release|Any CPU
		{1B53D7F2-FF8D-4E42-9A12-9619CD13CB76}.Release|Any CPU.Build.0 = Release|Any CPU
		{5017EF92-3046-45EB-A590-004AAF369831}.Debug|Any CPU.ActiveCfg = Debug|Any CPU
		{5017EF92-3046-45EB-A590-004AAF369831}.Debug|Any CPU.Build.0 = Debug|Any CPU
		{5017EF92-3046-45EB-A590-004AAF369831}.Release|Any CPU.ActiveCfg = Release|Any CPU
		{5017EF92-3046-45EB-A590-004AAF369831}.Release|Any CPU.Build.0 = Release|Any CPU
	EndGlobalSection
	GlobalSection(SolutionProperties) = preSolution
		HideSolutionNode = FALSE
	EndGlobalSection
	GlobalSection(ExtensibilityGlobals) = postSolution
		SolutionGuid = {4194CC17-131D-4CC1-B975-C4FDE729BC24}
	EndGlobalSection
EndGlobal
